
Microsoft Visual Studio Solution File, Format Version 12.00
# Visual Studio Version 17
VisualStudioVersion = 17.0.31903.59
MinimumVisualStudioVersion = 10.0.40219.1
Project("{2150E333-8FDC-42A3-9474-1A3956D46DE8}") = "src", "src", "{8CEEDF5F-CDA3-49C0-97C7-C17C600E6AB4}"
EndProject
Project("{2150E333-8FDC-42A3-9474-1A3956D46DE8}") = "Bootstrapper", "Bootstrapper", "{BC5DE6C6-88EB-49B7-8E7D-3FC39690BEEC}"
EndProject
Project("{FAE04EC0-301F-11D3-BF4B-00C04F79EFBC}") = "Confab.Bootstrapper", "src\Bootstrapper\Confab.Bootstrapper\Confab.Bootstrapper.csproj", "{74C409FF-19B7-4562-BD57-E8E802EE6977}"
EndProject
Project("{2150E333-8FDC-42A3-9474-1A3956D46DE8}") = "Shared", "Shared", "{870A0266-3AC6-4392-8F35-E84514D8EFF6}"
EndProject
Project("{FAE04EC0-301F-11D3-BF4B-00C04F79EFBC}") = "Confab.Shared.Abstractions", "src\Shared\Confab.Shared.Abstractions\Confab.Shared.Abstractions.csproj", "{EA2D5158-D93E-4B15-9D16-9B49CAD65F55}"
EndProject
Project("{FAE04EC0-301F-11D3-BF4B-00C04F79EFBC}") = "Confab.Shared.Infrastructure", "src\Shared\Confab.Shared.Infrastructure\Confab.Shared.Infrastructure.csproj", "{2BA769D5-292D-4090-8898-EF16B47CED42}"
EndProject
Project("{2150E333-8FDC-42A3-9474-1A3956D46DE8}") = "Modules", "Modules", "{87EF33A5-3D3E-4525-A4A6-B2ABE45C85C8}"
EndProject
Project("{2150E333-8FDC-42A3-9474-1A3956D46DE8}") = "Conferences", "Conferences", "{6B72AC85-9D68-4140-8E23-9E5D80141F0D}"
EndProject
Project("{FAE04EC0-301F-11D3-BF4B-00C04F79EFBC}") = "Confab.Modules.Conferences.Api", "src\Modules\Conferences\Api\Confab.Modules.Conferences.Api.csproj", "{0465D84E-083D-4ABA-882D-7FF4AF6904A0}"
EndProject
Project("{FAE04EC0-301F-11D3-BF4B-00C04F79EFBC}") = "Confab.Modules.Conferences.Core", "src\Modules\Conferences\Core\Confab.Modules.Conferences.Core.csproj", "{020349F2-0204-4350-B0A4-7A6FE8407500}"
EndProject
Project("{2150E333-8FDC-42A3-9474-1A3956D46DE8}") = "Speakers", "Speakers", "{BAE1288E-E3C4-4CED-87C4-DA16F6A7F75B}"
EndProject
Project("{FAE04EC0-301F-11D3-BF4B-00C04F79EFBC}") = "Confab.Modules.Speakers.Api", "src\Modules\Speakers\Api\Confab.Modules.Speakers.Api.csproj", "{88DEAB3F-5FE8-4B9C-82CE-D3E6792B6C35}"
EndProject
Project("{FAE04EC0-301F-11D3-BF4B-00C04F79EFBC}") = "Confab.Modules.Speakers.Core", "src\Modules\Speakers\Core\Confab.Modules.Speakers.Core.csproj", "{B101BCBB-D9C3-4DAA-AE65-C997FB76D3E1}"
EndProject
Project("{2150E333-8FDC-42A3-9474-1A3956D46DE8}") = "Users", "Users", "{DC2A1EC5-36AC-439D-8059-023235AB140B}"
EndProject
Project("{FAE04EC0-301F-11D3-BF4B-00C04F79EFBC}") = "Confab.Modules.Users.Api", "src\Modules\Users\Api\Confab.Modules.Users.Api.csproj", "{BF74CE1B-1112-4F17-845E-F532B1549076}"
EndProject
Project("{FAE04EC0-301F-11D3-BF4B-00C04F79EFBC}") = "Confab.Modules.Users.Core", "src\Modules\Users\Core\Confab.Modules.Users.Core.csproj", "{5EEEFA0D-1272-42D1-9015-89243E9CE216}"
EndProject
Project("{2150E333-8FDC-42A3-9474-1A3956D46DE8}") = "Tickets", "Tickets", "{612CFE4D-FE4D-488B-B4D0-4648429A12B0}"
EndProject
Project("{FAE04EC0-301F-11D3-BF4B-00C04F79EFBC}") = "Confab.Modules.Tickets.Api", "src\Modules\Tickets\Api\Confab.Modules.Tickets.Api.csproj", "{32E5C077-6C37-4E04-890A-B11FE3CED5A7}"
EndProject
Project("{FAE04EC0-301F-11D3-BF4B-00C04F79EFBC}") = "Confab.Modules.Tickets.Core", "src\Modules\Tickets\Core\Confab.Modules.Tickets.Core.csproj", "{4E135C40-8828-485D-975A-C5E5BAEF09A0}"
EndProject
Project("{2150E333-8FDC-42A3-9474-1A3956D46DE8}") = "Agendas", "Agendas", "{7E4E5BF2-38A9-44CF-99C4-970218E8BDAA}"
EndProject
Project("{FAE04EC0-301F-11D3-BF4B-00C04F79EFBC}") = "Confab.Modules.Agendas.Domain", "src\Modules\Agendas\Domain\Confab.Modules.Agendas.Domain.csproj", "{C40ECB15-AC60-48AA-8CEF-19A50B8A8ECA}"
EndProject
Project("{FAE04EC0-301F-11D3-BF4B-00C04F79EFBC}") = "Confab.Modules.Agendas.Infrastructure", "src\Modules\Agendas\Infrastructure\Confab.Modules.Agendas.Infrastructure.csproj", "{BC3BB7EB-E7B9-4E47-9EC3-11017129A8A3}"
EndProject
Project("{FAE04EC0-301F-11D3-BF4B-00C04F79EFBC}") = "Confab.Modules.Agendas.Application", "src\Modules\Agendas\Application\Confab.Modules.Agendas.Application.csproj", "{D00E9636-F3F1-42A3-A66D-3D14241A8127}"
EndProject
Project("{FAE04EC0-301F-11D3-BF4B-00C04F79EFBC}") = "Confab.Modules.Agendas.Api", "src\Modules\Agendas\Api\Confab.Modules.Agendas.Api.csproj", "{475F519B-619B-4791-8817-31CC873CA9F7}"
EndProject
Global
	GlobalSection(SolutionConfigurationPlatforms) = preSolution
		Debug|Any CPU = Debug|Any CPU
		Release|Any CPU = Release|Any CPU
	EndGlobalSection
	GlobalSection(SolutionProperties) = preSolution
		HideSolutionNode = FALSE
	EndGlobalSection
	GlobalSection(ProjectConfigurationPlatforms) = postSolution
		{74C409FF-19B7-4562-BD57-E8E802EE6977}.Debug|Any CPU.ActiveCfg = Debug|Any CPU
		{74C409FF-19B7-4562-BD57-E8E802EE6977}.Debug|Any CPU.Build.0 = Debug|Any CPU
		{74C409FF-19B7-4562-BD57-E8E802EE6977}.Release|Any CPU.ActiveCfg = Release|Any CPU
		{74C409FF-19B7-4562-BD57-E8E802EE6977}.Release|Any CPU.Build.0 = Release|Any CPU
		{EA2D5158-D93E-4B15-9D16-9B49CAD65F55}.Debug|Any CPU.ActiveCfg = Debug|Any CPU
		{EA2D5158-D93E-4B15-9D16-9B49CAD65F55}.Debug|Any CPU.Build.0 = Debug|Any CPU
		{EA2D5158-D93E-4B15-9D16-9B49CAD65F55}.Release|Any CPU.ActiveCfg = Release|Any CPU
		{EA2D5158-D93E-4B15-9D16-9B49CAD65F55}.Release|Any CPU.Build.0 = Release|Any CPU
		{2BA769D5-292D-4090-8898-EF16B47CED42}.Debug|Any CPU.ActiveCfg = Debug|Any CPU
		{2BA769D5-292D-4090-8898-EF16B47CED42}.Debug|Any CPU.Build.0 = Debug|Any CPU
		{2BA769D5-292D-4090-8898-EF16B47CED42}.Release|Any CPU.ActiveCfg = Release|Any CPU
		{2BA769D5-292D-4090-8898-EF16B47CED42}.Release|Any CPU.Build.0 = Release|Any CPU
		{0465D84E-083D-4ABA-882D-7FF4AF6904A0}.Debug|Any CPU.ActiveCfg = Debug|Any CPU
		{0465D84E-083D-4ABA-882D-7FF4AF6904A0}.Debug|Any CPU.Build.0 = Debug|Any CPU
		{0465D84E-083D-4ABA-882D-7FF4AF6904A0}.Release|Any CPU.ActiveCfg = Release|Any CPU
		{0465D84E-083D-4ABA-882D-7FF4AF6904A0}.Release|Any CPU.Build.0 = Release|Any CPU
		{020349F2-0204-4350-B0A4-7A6FE8407500}.Debug|Any CPU.ActiveCfg = Debug|Any CPU
		{020349F2-0204-4350-B0A4-7A6FE8407500}.Debug|Any CPU.Build.0 = Debug|Any CPU
		{020349F2-0204-4350-B0A4-7A6FE8407500}.Release|Any CPU.ActiveCfg = Release|Any CPU
		{020349F2-0204-4350-B0A4-7A6FE8407500}.Release|Any CPU.Build.0 = Release|Any CPU
		{88DEAB3F-5FE8-4B9C-82CE-D3E6792B6C35}.Debug|Any CPU.ActiveCfg = Debug|Any CPU
		{88DEAB3F-5FE8-4B9C-82CE-D3E6792B6C35}.Debug|Any CPU.Build.0 = Debug|Any CPU
		{88DEAB3F-5FE8-4B9C-82CE-D3E6792B6C35}.Release|Any CPU.ActiveCfg = Release|Any CPU
		{88DEAB3F-5FE8-4B9C-82CE-D3E6792B6C35}.Release|Any CPU.Build.0 = Release|Any CPU
		{B101BCBB-D9C3-4DAA-AE65-C997FB76D3E1}.Debug|Any CPU.ActiveCfg = Debug|Any CPU
		{B101BCBB-D9C3-4DAA-AE65-C997FB76D3E1}.Debug|Any CPU.Build.0 = Debug|Any CPU
		{B101BCBB-D9C3-4DAA-AE65-C997FB76D3E1}.Release|Any CPU.ActiveCfg = Release|Any CPU
		{B101BCBB-D9C3-4DAA-AE65-C997FB76D3E1}.Release|Any CPU.Build.0 = Release|Any CPU
		{BF74CE1B-1112-4F17-845E-F532B1549076}.Debug|Any CPU.ActiveCfg = Debug|Any CPU
		{BF74CE1B-1112-4F17-845E-F532B1549076}.Debug|Any CPU.Build.0 = Debug|Any CPU
		{BF74CE1B-1112-4F17-845E-F532B1549076}.Release|Any CPU.ActiveCfg = Release|Any CPU
		{BF74CE1B-1112-4F17-845E-F532B1549076}.Release|Any CPU.Build.0 = Release|Any CPU
		{5EEEFA0D-1272-42D1-9015-89243E9CE216}.Debug|Any CPU.ActiveCfg = Debug|Any CPU
		{5EEEFA0D-1272-42D1-9015-89243E9CE216}.Debug|Any CPU.Build.0 = Debug|Any CPU
		{5EEEFA0D-1272-42D1-9015-89243E9CE216}.Release|Any CPU.ActiveCfg = Release|Any CPU
		{5EEEFA0D-1272-42D1-9015-89243E9CE216}.Release|Any CPU.Build.0 = Release|Any CPU
		{32E5C077-6C37-4E04-890A-B11FE3CED5A7}.Debug|Any CPU.ActiveCfg = Debug|Any CPU
		{32E5C077-6C37-4E04-890A-B11FE3CED5A7}.Debug|Any CPU.Build.0 = Debug|Any CPU
		{32E5C077-6C37-4E04-890A-B11FE3CED5A7}.Release|Any CPU.ActiveCfg = Release|Any CPU
		{32E5C077-6C37-4E04-890A-B11FE3CED5A7}.Release|Any CPU.Build.0 = Release|Any CPU
		{4E135C40-8828-485D-975A-C5E5BAEF09A0}.Debug|Any CPU.ActiveCfg = Debug|Any CPU
		{4E135C40-8828-485D-975A-C5E5BAEF09A0}.Debug|Any CPU.Build.0 = Debug|Any CPU
		{4E135C40-8828-485D-975A-C5E5BAEF09A0}.Release|Any CPU.ActiveCfg = Release|Any CPU
		{4E135C40-8828-485D-975A-C5E5BAEF09A0}.Release|Any CPU.Build.0 = Release|Any CPU
		{C40ECB15-AC60-48AA-8CEF-19A50B8A8ECA}.Debug|Any CPU.ActiveCfg = Debug|Any CPU
		{C40ECB15-AC60-48AA-8CEF-19A50B8A8ECA}.Debug|Any CPU.Build.0 = Debug|Any CPU
		{C40ECB15-AC60-48AA-8CEF-19A50B8A8ECA}.Release|Any CPU.ActiveCfg = Release|Any CPU
		{C40ECB15-AC60-48AA-8CEF-19A50B8A8ECA}.Release|Any CPU.Build.0 = Release|Any CPU
		{BC3BB7EB-E7B9-4E47-9EC3-11017129A8A3}.Debug|Any CPU.ActiveCfg = Debug|Any CPU
		{BC3BB7EB-E7B9-4E47-9EC3-11017129A8A3}.Debug|Any CPU.Build.0 = Debug|Any CPU
		{BC3BB7EB-E7B9-4E47-9EC3-11017129A8A3}.Release|Any CPU.ActiveCfg = Release|Any CPU
		{BC3BB7EB-E7B9-4E47-9EC3-11017129A8A3}.Release|Any CPU.Build.0 = Release|Any CPU
		{D00E9636-F3F1-42A3-A66D-3D14241A8127}.Debug|Any CPU.ActiveCfg = Debug|Any CPU
		{D00E9636-F3F1-42A3-A66D-3D14241A8127}.Debug|Any CPU.Build.0 = Debug|Any CPU
		{D00E9636-F3F1-42A3-A66D-3D14241A8127}.Release|Any CPU.ActiveCfg = Release|Any CPU
		{D00E9636-F3F1-42A3-A66D-3D14241A8127}.Release|Any CPU.Build.0 = Release|Any CPU
		{475F519B-619B-4791-8817-31CC873CA9F7}.Debug|Any CPU.ActiveCfg = Debug|Any CPU
		{475F519B-619B-4791-8817-31CC873CA9F7}.Debug|Any CPU.Build.0 = Debug|Any CPU
		{475F519B-619B-4791-8817-31CC873CA9F7}.Release|Any CPU.ActiveCfg = Release|Any CPU
		{475F519B-619B-4791-8817-31CC873CA9F7}.Release|Any CPU.Build.0 = Release|Any CPU
	EndGlobalSection
	GlobalSection(NestedProjects) = preSolution
		{BC5DE6C6-88EB-49B7-8E7D-3FC39690BEEC} = {8CEEDF5F-CDA3-49C0-97C7-C17C600E6AB4}
		{74C409FF-19B7-4562-BD57-E8E802EE6977} = {BC5DE6C6-88EB-49B7-8E7D-3FC39690BEEC}
		{870A0266-3AC6-4392-8F35-E84514D8EFF6} = {8CEEDF5F-CDA3-49C0-97C7-C17C600E6AB4}
		{EA2D5158-D93E-4B15-9D16-9B49CAD65F55} = {870A0266-3AC6-4392-8F35-E84514D8EFF6}
		{2BA769D5-292D-4090-8898-EF16B47CED42} = {870A0266-3AC6-4392-8F35-E84514D8EFF6}
		{87EF33A5-3D3E-4525-A4A6-B2ABE45C85C8} = {8CEEDF5F-CDA3-49C0-97C7-C17C600E6AB4}
		{6B72AC85-9D68-4140-8E23-9E5D80141F0D} = {87EF33A5-3D3E-4525-A4A6-B2ABE45C85C8}
		{0465D84E-083D-4ABA-882D-7FF4AF6904A0} = {6B72AC85-9D68-4140-8E23-9E5D80141F0D}
		{020349F2-0204-4350-B0A4-7A6FE8407500} = {6B72AC85-9D68-4140-8E23-9E5D80141F0D}
		{BAE1288E-E3C4-4CED-87C4-DA16F6A7F75B} = {87EF33A5-3D3E-4525-A4A6-B2ABE45C85C8}
		{88DEAB3F-5FE8-4B9C-82CE-D3E6792B6C35} = {BAE1288E-E3C4-4CED-87C4-DA16F6A7F75B}
		{B101BCBB-D9C3-4DAA-AE65-C997FB76D3E1} = {BAE1288E-E3C4-4CED-87C4-DA16F6A7F75B}
		{DC2A1EC5-36AC-439D-8059-023235AB140B} = {87EF33A5-3D3E-4525-A4A6-B2ABE45C85C8}
		{BF74CE1B-1112-4F17-845E-F532B1549076} = {DC2A1EC5-36AC-439D-8059-023235AB140B}
		{5EEEFA0D-1272-42D1-9015-89243E9CE216} = {DC2A1EC5-36AC-439D-8059-023235AB140B}
		{612CFE4D-FE4D-488B-B4D0-4648429A12B0} = {87EF33A5-3D3E-4525-A4A6-B2ABE45C85C8}
		{32E5C077-6C37-4E04-890A-B11FE3CED5A7} = {612CFE4D-FE4D-488B-B4D0-4648429A12B0}
		{4E135C40-8828-485D-975A-C5E5BAEF09A0} = {612CFE4D-FE4D-488B-B4D0-4648429A12B0}
		{7E4E5BF2-38A9-44CF-99C4-970218E8BDAA} = {87EF33A5-3D3E-4525-A4A6-B2ABE45C85C8}
		{C40ECB15-AC60-48AA-8CEF-19A50B8A8ECA} = {7E4E5BF2-38A9-44CF-99C4-970218E8BDAA}
		{BC3BB7EB-E7B9-4E47-9EC3-11017129A8A3} = {7E4E5BF2-38A9-44CF-99C4-970218E8BDAA}
		{D00E9636-F3F1-42A3-A66D-3D14241A8127} = {7E4E5BF2-38A9-44CF-99C4-970218E8BDAA}
		{475F519B-619B-4791-8817-31CC873CA9F7} = {7E4E5BF2-38A9-44CF-99C4-970218E8BDAA}
	EndGlobalSection
EndGlobal
